# This file is automatically @generated by Cargo.
# It is not intended for manual editing.
version = 3

[[package]]
name = "exercise-0"
version = "0.1.0"

[[package]]
name = "exercise-1"
version = "0.1.0"

[[package]]
name = "exercise-10"
version = "0.1.0"

[[package]]
name = "exercise-2"
version = "0.1.0"

[[package]]
name = "exercise-3"
version = "0.1.0"

[[package]]
name = "exercise-4"
version = "0.1.0"

[[package]]
name = "exercise-5"
version = "0.1.0"

[[package]]
name = "exercise-6"
version = "0.1.0"

[[package]]
name = "exercise-7"
version = "0.1.0"

[[package]]
name = "exercise-8"
version = "0.1.0"

[[package]]
name = "exercise-9"
version = "0.1.0"
